
Microsoft Visual Studio Solution File, Format Version 12.00
# Visual Studio Version 17
VisualStudioVersion = 17.11.35222.181
MinimumVisualStudioVersion = 10.0.40219.1
Project("{888888A0-9F3D-457C-B088-3A5042F75D52}") = "HW4Ex3", "HW4Ex3\HW4Ex3.pyproj", "{B7C58344-A8ED-4C30-A50B-2D31B9AFC73C}"
EndProject
Global
	GlobalSection(SolutionConfigurationPlatforms) = preSolution
		Debug|Any CPU = Debug|Any CPU
		Release|Any CPU = Release|Any CPU
	EndGlobalSection
	GlobalSection(ProjectConfigurationPlatforms) = postSolution
		{B7C58344-A8ED-4C30-A50B-2D31B9AFC73C}.Debug|Any CPU.ActiveCfg = Debug|Any CPU
		{B7C58344-A8ED-4C30-A50B-2D31B9AFC73C}.Release|Any CPU.ActiveCfg = Release|Any CPU
	EndGlobalSection
	GlobalSection(SolutionProperties) = preSolution
		HideSolutionNode = FALSE
	EndGlobalSection
	GlobalSection(ExtensibilityGlobals) = postSolution
		SolutionGuid = {F01B3428-FA86-4CE7-ABF5-52863767C6FA}
	EndGlobalSection
EndGlobal
