
Microsoft Visual Studio Solution File, Format Version 12.00
# Visual Studio Version 17
VisualStudioVersion = 17.13.35828.75 d17.13
MinimumVisualStudioVersion = 10.0.40219.1
Project("{888888A0-9F3D-457C-B088-3A5042F75D52}") = "ML_L7Ex1", "ML_L7Ex1\ML_L7Ex1.pyproj", "{11870A0E-87D1-44A9-AA8E-D53E14C90744}"
EndProject
Global
	GlobalSection(SolutionConfigurationPlatforms) = preSolution
		Debug|Any CPU = Debug|Any CPU
		Release|Any CPU = Release|Any CPU
	EndGlobalSection
	GlobalSection(ProjectConfigurationPlatforms) = postSolution
		{11870A0E-87D1-44A9-AA8E-D53E14C90744}.Debug|Any CPU.ActiveCfg = Debug|Any CPU
		{11870A0E-87D1-44A9-AA8E-D53E14C90744}.Release|Any CPU.ActiveCfg = Release|Any CPU
	EndGlobalSection
	GlobalSection(SolutionProperties) = preSolution
		HideSolutionNode = FALSE
	EndGlobalSection
	GlobalSection(ExtensibilityGlobals) = postSolution
		SolutionGuid = {8DACECE3-0B6F-407B-90FC-F351BB919895}
	EndGlobalSection
EndGlobal
