
Microsoft Visual Studio Solution File, Format Version 12.00
# Visual Studio Version 17
VisualStudioVersion = 17.11.35222.181
MinimumVisualStudioVersion = 10.0.40219.1
Project("{888888A0-9F3D-457C-B088-3A5042F75D52}") = "HW1EX1", "HW1EX1\HW1EX1.pyproj", "{879DA0F0-E49F-450D-BC1C-EA9F9E2140ED}"
EndProject
Global
	GlobalSection(SolutionConfigurationPlatforms) = preSolution
		Debug|Any CPU = Debug|Any CPU
		Release|Any CPU = Release|Any CPU
	EndGlobalSection
	GlobalSection(ProjectConfigurationPlatforms) = postSolution
		{879DA0F0-E49F-450D-BC1C-EA9F9E2140ED}.Debug|Any CPU.ActiveCfg = Debug|Any CPU
		{879DA0F0-E49F-450D-BC1C-EA9F9E2140ED}.Release|Any CPU.ActiveCfg = Release|Any CPU
	EndGlobalSection
	GlobalSection(SolutionProperties) = preSolution
		HideSolutionNode = FALSE
	EndGlobalSection
	GlobalSection(ExtensibilityGlobals) = postSolution
		SolutionGuid = {D8B9C232-CA0E-4CED-B802-9F32E3DE3542}
	EndGlobalSection
EndGlobal
